
Microsoft Visual Studio Solution File, Format Version 12.00
# Visual Studio 15
VisualStudioVersion = 15.0.28307.902
MinimumVisualStudioVersion = 10.0.40219.1
Project("{FAE04EC0-301F-11D3-BF4B-00C04F79EFBC}") = "BT3_16520339.Android", "BT3_16520339\BT3_16520339.Android\BT3_16520339.Android.csproj", "{C7FAB084-D2F3-419A-8497-010E754D1266}"
EndProject
Project("{FAE04EC0-301F-11D3-BF4B-00C04F79EFBC}") = "BT3_16520339.iOS", "BT3_16520339\BT3_16520339.iOS\BT3_16520339.iOS.csproj", "{0ABA5BE6-990C-48BB-92BB-ADB04FCD972C}"
EndProject
Project("{FAE04EC0-301F-11D3-BF4B-00C04F79EFBC}") = "BT3_16520339", "BT3_16520339\BT3_16520339\BT3_16520339.csproj", "{8845BFD2-21FA-45A6-B7FB-6F424575C392}"
EndProject
Global
	GlobalSection(SolutionConfigurationPlatforms) = preSolution
		Ad-Hoc|Any CPU = Ad-Hoc|Any CPU
		Ad-Hoc|iPhone = Ad-Hoc|iPhone
		Ad-Hoc|iPhoneSimulator = Ad-Hoc|iPhoneSimulator
		AppStore|Any CPU = AppStore|Any CPU
		AppStore|iPhone = AppStore|iPhone
		AppStore|iPhoneSimulator = AppStore|iPhoneSimulator
		Debug|Any CPU = Debug|Any CPU
		Debug|iPhone = Debug|iPhone
		Debug|iPhoneSimulator = Debug|iPhoneSimulator
		Release|Any CPU = Release|Any CPU
		Release|iPhone = Release|iPhone
		Release|iPhoneSimulator = Release|iPhoneSimulator
	EndGlobalSection
	GlobalSection(ProjectConfigurationPlatforms) = postSolution
		{C7FAB084-D2F3-419A-8497-010E754D1266}.Ad-Hoc|Any CPU.ActiveCfg = Release|Any CPU
		{C7FAB084-D2F3-419A-8497-010E754D1266}.Ad-Hoc|Any CPU.Build.0 = Release|Any CPU
		{C7FAB084-D2F3-419A-8497-010E754D1266}.Ad-Hoc|Any CPU.Deploy.0 = Release|Any CPU
		{C7FAB084-D2F3-419A-8497-010E754D1266}.Ad-Hoc|iPhone.ActiveCfg = Release|Any CPU
		{C7FAB084-D2F3-419A-8497-010E754D1266}.Ad-Hoc|iPhone.Build.0 = Release|Any CPU
		{C7FAB084-D2F3-419A-8497-010E754D1266}.Ad-Hoc|iPhone.Deploy.0 = Release|Any CPU
		{C7FAB084-D2F3-419A-8497-010E754D1266}.Ad-Hoc|iPhoneSimulator.ActiveCfg = Release|Any CPU
		{C7FAB084-D2F3-419A-8497-010E754D1266}.Ad-Hoc|iPhoneSimulator.Build.0 = Release|Any CPU
		{C7FAB084-D2F3-419A-8497-010E754D1266}.Ad-Hoc|iPhoneSimulator.Deploy.0 = Release|Any CPU
		{C7FAB084-D2F3-419A-8497-010E754D1266}.AppStore|Any CPU.ActiveCfg = Release|Any CPU
		{C7FAB084-D2F3-419A-8497-010E754D1266}.AppStore|Any CPU.Build.0 = Release|Any CPU
		{C7FAB084-D2F3-419A-8497-010E754D1266}.AppStore|Any CPU.Deploy.0 = Release|Any CPU
		{C7FAB084-D2F3-419A-8497-010E754D1266}.AppStore|iPhone.ActiveCfg = Release|Any CPU
		{C7FAB084-D2F3-419A-8497-010E754D1266}.AppStore|iPhone.Build.0 = Release|Any CPU
		{C7FAB084-D2F3-419A-8497-010E754D1266}.AppStore|iPhone.Deploy.0 = Release|Any CPU
		{C7FAB084-D2F3-419A-8497-010E754D1266}.AppStore|iPhoneSimulator.ActiveCfg = Release|Any CPU
		{C7FAB084-D2F3-419A-8497-010E754D1266}.AppStore|iPhoneSimulator.Build.0 = Release|Any CPU
		{C7FAB084-D2F3-419A-8497-010E754D1266}.AppStore|iPhoneSimulator.Deploy.0 = Release|Any CPU
		{C7FAB084-D2F3-419A-8497-010E754D1266}.Debug|Any CPU.ActiveCfg = Debug|Any CPU
		{C7FAB084-D2F3-419A-8497-010E754D1266}.Debug|Any CPU.Build.0 = Debug|Any CPU
		{C7FAB084-D2F3-419A-8497-010E754D1266}.Debug|Any CPU.Deploy.0 = Debug|Any CPU
		{C7FAB084-D2F3-419A-8497-010E754D1266}.Debug|iPhone.ActiveCfg = Debug|Any CPU
		{C7FAB084-D2F3-419A-8497-010E754D1266}.Debug|iPhone.Build.0 = Debug|Any CPU
		{C7FAB084-D2F3-419A-8497-010E754D1266}.Debug|iPhone.Deploy.0 = Debug|Any CPU
		{C7FAB084-D2F3-419A-8497-010E754D1266}.Debug|iPhoneSimulator.ActiveCfg = Debug|Any CPU
		{C7FAB084-D2F3-419A-8497-010E754D1266}.Debug|iPhoneSimulator.Build.0 = Debug|Any CPU
		{C7FAB084-D2F3-419A-8497-010E754D1266}.Debug|iPhoneSimulator.Deploy.0 = Debug|Any CPU
		{C7FAB084-D2F3-419A-8497-010E754D1266}.Release|Any CPU.ActiveCfg = Release|Any CPU
		{C7FAB084-D2F3-419A-8497-010E754D1266}.Release|Any CPU.Build.0 = Release|Any CPU
		{C7FAB084-D2F3-419A-8497-010E754D1266}.Release|Any CPU.Deploy.0 = Release|Any CPU
		{C7FAB084-D2F3-419A-8497-010E754D1266}.Release|iPhone.ActiveCfg = Release|Any CPU
		{C7FAB084-D2F3-419A-8497-010E754D1266}.Release|iPhone.Build.0 = Release|Any CPU
		{C7FAB084-D2F3-419A-8497-010E754D1266}.Release|iPhone.Deploy.0 = Release|Any CPU
		{C7FAB084-D2F3-419A-8497-010E754D1266}.Release|iPhoneSimulator.ActiveCfg = Release|Any CPU
		{C7FAB084-D2F3-419A-8497-010E754D1266}.Release|iPhoneSimulator.Build.0 = Release|Any CPU
		{C7FAB084-D2F3-419A-8497-010E754D1266}.Release|iPhoneSimulator.Deploy.0 = Release|Any CPU
		{0ABA5BE6-990C-48BB-92BB-ADB04FCD972C}.Ad-Hoc|Any CPU.ActiveCfg = Ad-Hoc|iPhone
		{0ABA5BE6-990C-48BB-92BB-ADB04FCD972C}.Ad-Hoc|Any CPU.Build.0 = Ad-Hoc|iPhone
		{0ABA5BE6-990C-48BB-92BB-ADB04FCD972C}.Ad-Hoc|Any CPU.Deploy.0 = Ad-Hoc|iPhone
		{0ABA5BE6-990C-48BB-92BB-ADB04FCD972C}.Ad-Hoc|iPhone.ActiveCfg = Ad-Hoc|iPhone
		{0ABA5BE6-990C-48BB-92BB-ADB04FCD972C}.Ad-Hoc|iPhone.Build.0 = Ad-Hoc|iPhone
		{0ABA5BE6-990C-48BB-92BB-ADB04FCD972C}.Ad-Hoc|iPhone.Deploy.0 = Ad-Hoc|iPhone
		{0ABA5BE6-990C-48BB-92BB-ADB04FCD972C}.Ad-Hoc|iPhoneSimulator.ActiveCfg = Ad-Hoc|iPhoneSimulator
		{0ABA5BE6-990C-48BB-92BB-ADB04FCD972C}.Ad-Hoc|iPhoneSimulator.Build.0 = Ad-Hoc|iPhoneSimulator
		{0ABA5BE6-990C-48BB-92BB-ADB04FCD972C}.Ad-Hoc|iPhoneSimulator.Deploy.0 = Ad-Hoc|iPhoneSimulator
		{0ABA5BE6-990C-48BB-92BB-ADB04FCD972C}.AppStore|Any CPU.ActiveCfg = AppStore|iPhone
		{0ABA5BE6-990C-48BB-92BB-ADB04FCD972C}.AppStore|Any CPU.Build.0 = AppStore|iPhone
		{0ABA5BE6-990C-48BB-92BB-ADB04FCD972C}.AppStore|Any CPU.Deploy.0 = AppStore|iPhone
		{0ABA5BE6-990C-48BB-92BB-ADB04FCD972C}.AppStore|iPhone.ActiveCfg = AppStore|iPhone
		{0ABA5BE6-990C-48BB-92BB-ADB04FCD972C}.AppStore|iPhone.Build.0 = AppStore|iPhone
		{0ABA5BE6-990C-48BB-92BB-ADB04FCD972C}.AppStore|iPhone.Deploy.0 = AppStore|iPhone
		{0ABA5BE6-990C-48BB-92BB-ADB04FCD972C}.AppStore|iPhoneSimulator.ActiveCfg = AppStore|iPhoneSimulator
		{0ABA5BE6-990C-48BB-92BB-ADB04FCD972C}.AppStore|iPhoneSimulator.Build.0 = AppStore|iPhoneSimulator
		{0ABA5BE6-990C-48BB-92BB-ADB04FCD972C}.AppStore|iPhoneSimulator.Deploy.0 = AppStore|iPhoneSimulator
		{0ABA5BE6-990C-48BB-92BB-ADB04FCD972C}.Debug|Any CPU.ActiveCfg = Debug|iPhoneSimulator
		{0ABA5BE6-990C-48BB-92BB-ADB04FCD972C}.Debug|Any CPU.Build.0 = Debug|iPhoneSimulator
		{0ABA5BE6-990C-48BB-92BB-ADB04FCD972C}.Debug|Any CPU.Deploy.0 = Debug|iPhoneSimulator
		{0ABA5BE6-990C-48BB-92BB-ADB04FCD972C}.Debug|iPhone.ActiveCfg = Debug|iPhone
		{0ABA5BE6-990C-48BB-92BB-ADB04FCD972C}.Debug|iPhone.Build.0 = Debug|iPhone
		{0ABA5BE6-990C-48BB-92BB-ADB04FCD972C}.Debug|iPhone.Deploy.0 = Debug|iPhone
		{0ABA5BE6-990C-48BB-92BB-ADB04FCD972C}.Debug|iPhoneSimulator.ActiveCfg = Debug|iPhoneSimulator
		{0ABA5BE6-990C-48BB-92BB-ADB04FCD972C}.Debug|iPhoneSimulator.Build.0 = Debug|iPhoneSimulator
		{0ABA5BE6-990C-48BB-92BB-ADB04FCD972C}.Debug|iPhoneSimulator.Deploy.0 = Debug|iPhoneSimulator
		{0ABA5BE6-990C-48BB-92BB-ADB04FCD972C}.Release|Any CPU.ActiveCfg = Release|iPhone
		{0ABA5BE6-990C-48BB-92BB-ADB04FCD972C}.Release|Any CPU.Build.0 = Release|iPhone
		{0ABA5BE6-990C-48BB-92BB-ADB04FCD972C}.Release|Any CPU.Deploy.0 = Release|iPhone
		{0ABA5BE6-990C-48BB-92BB-ADB04FCD972C}.Release|iPhone.ActiveCfg = Release|iPhone
		{0ABA5BE6-990C-48BB-92BB-ADB04FCD972C}.Release|iPhone.Build.0 = Release|iPhone
		{0ABA5BE6-990C-48BB-92BB-ADB04FCD972C}.Release|iPhone.Deploy.0 = Release|iPhone
		{0ABA5BE6-990C-48BB-92BB-ADB04FCD972C}.Release|iPhoneSimulator.ActiveCfg = Release|iPhoneSimulator
		{0ABA5BE6-990C-48BB-92BB-ADB04FCD972C}.Release|iPhoneSimulator.Build.0 = Release|iPhoneSimulator
		{0ABA5BE6-990C-48BB-92BB-ADB04FCD972C}.Release|iPhoneSimulator.Deploy.0 = Release|iPhoneSimulator
		{8845BFD2-21FA-45A6-B7FB-6F424575C392}.Ad-Hoc|Any CPU.ActiveCfg = Debug|Any CPU
		{8845BFD2-21FA-45A6-B7FB-6F424575C392}.Ad-Hoc|Any CPU.Build.0 = Debug|Any CPU
		{8845BFD2-21FA-45A6-B7FB-6F424575C392}.Ad-Hoc|Any CPU.Deploy.0 = Debug|Any CPU
		{8845BFD2-21FA-45A6-B7FB-6F424575C392}.Ad-Hoc|iPhone.ActiveCfg = Debug|Any CPU
		{8845BFD2-21FA-45A6-B7FB-6F424575C392}.Ad-Hoc|iPhone.Build.0 = Debug|Any CPU
		{8845BFD2-21FA-45A6-B7FB-6F424575C392}.Ad-Hoc|iPhone.Deploy.0 = Debug|Any CPU
		{8845BFD2-21FA-45A6-B7FB-6F424575C392}.Ad-Hoc|iPhoneSimulator.ActiveCfg = Debug|Any CPU
		{8845BFD2-21FA-45A6-B7FB-6F424575C392}.Ad-Hoc|iPhoneSimulator.Build.0 = Debug|Any CPU
		{8845BFD2-21FA-45A6-B7FB-6F424575C392}.Ad-Hoc|iPhoneSimulator.Deploy.0 = Debug|Any CPU
		{8845BFD2-21FA-45A6-B7FB-6F424575C392}.AppStore|Any CPU.ActiveCfg = Debug|Any CPU
		{8845BFD2-21FA-45A6-B7FB-6F424575C392}.AppStore|Any CPU.Build.0 = Debug|Any CPU
		{8845BFD2-21FA-45A6-B7FB-6F424575C392}.AppStore|Any CPU.Deploy.0 = Debug|Any CPU
		{8845BFD2-21FA-45A6-B7FB-6F424575C392}.AppStore|iPhone.ActiveCfg = Debug|Any CPU
		{8845BFD2-21FA-45A6-B7FB-6F424575C392}.AppStore|iPhone.Build.0 = Debug|Any CPU
		{8845BFD2-21FA-45A6-B7FB-6F424575C392}.AppStore|iPhone.Deploy.0 = Debug|Any CPU
		{8845BFD2-21FA-45A6-B7FB-6F424575C392}.AppStore|iPhoneSimulator.ActiveCfg = Debug|Any CPU
		{8845BFD2-21FA-45A6-B7FB-6F424575C392}.AppStore|iPhoneSimulator.Build.0 = Debug|Any CPU
		{8845BFD2-21FA-45A6-B7FB-6F424575C392}.AppStore|iPhoneSimulator.Deploy.0 = Debug|Any CPU
		{8845BFD2-21FA-45A6-B7FB-6F424575C392}.Debug|Any CPU.ActiveCfg = Debug|Any CPU
		{8845BFD2-21FA-45A6-B7FB-6F424575C392}.Debug|Any CPU.Build.0 = Debug|Any CPU
		{8845BFD2-21FA-45A6-B7FB-6F424575C392}.Debug|Any CPU.Deploy.0 = Debug|Any CPU
		{8845BFD2-21FA-45A6-B7FB-6F424575C392}.Debug|iPhone.ActiveCfg = Debug|Any CPU
		{8845BFD2-21FA-45A6-B7FB-6F424575C392}.Debug|iPhone.Build.0 = Debug|Any CPU
		{8845BFD2-21FA-45A6-B7FB-6F424575C392}.Debug|iPhone.Deploy.0 = Debug|Any CPU
		{8845BFD2-21FA-45A6-B7FB-6F424575C392}.Debug|iPhoneSimulator.ActiveCfg = Debug|Any CPU
		{8845BFD2-21FA-45A6-B7FB-6F424575C392}.Debug|iPhoneSimulator.Build.0 = Debug|Any CPU
		{8845BFD2-21FA-45A6-B7FB-6F424575C392}.Debug|iPhoneSimulator.Deploy.0 = Debug|Any CPU
		{8845BFD2-21FA-45A6-B7FB-6F424575C392}.Release|Any CPU.ActiveCfg = Release|Any CPU
		{8845BFD2-21FA-45A6-B7FB-6F424575C392}.Release|Any CPU.Build.0 = Release|Any CPU
		{8845BFD2-21FA-45A6-B7FB-6F424575C392}.Release|Any CPU.Deploy.0 = Release|Any CPU
		{8845BFD2-21FA-45A6-B7FB-6F424575C392}.Release|iPhone.ActiveCfg = Release|Any CPU
		{8845BFD2-21FA-45A6-B7FB-6F424575C392}.Release|iPhone.Build.0 = Release|Any CPU
		{8845BFD2-21FA-45A6-B7FB-6F424575C392}.Release|iPhone.Deploy.0 = Release|Any CPU
		{8845BFD2-21FA-45A6-B7FB-6F424575C392}.Release|iPhoneSimulator.ActiveCfg = Release|Any CPU
		{8845BFD2-21FA-45A6-B7FB-6F424575C392}.Release|iPhoneSimulator.Build.0 = Release|Any CPU
		{8845BFD2-21FA-45A6-B7FB-6F424575C392}.Release|iPhoneSimulator.Deploy.0 = Release|Any CPU
	EndGlobalSection
	GlobalSection(SolutionProperties) = preSolution
		HideSolutionNode = FALSE
	EndGlobalSection
	GlobalSection(ExtensibilityGlobals) = postSolution
		SolutionGuid = {DD30889C-F9B9-4C69-A844-7C835BFBF3EC}
	EndGlobalSection
EndGlobal
